{
    "_readme": [
        "This file locks the dependencies of your project to a known state",
        "Read more about it at https://getcomposer.org/doc/01-basic-usage.md#composer-lock-the-lock-file",
        "This file is @generated automatically"
    ],
    "content-hash": "41679f4a8a99b3e32e51f74d11d73be4",
    "packages": [
        {
            "name": "andrewevansmith/php-craigslist-api-utility",
            "version": "dev-master",
            "source": {
                "type": "git",
                "url": "https://github.com/andrewevansmith/php-craigslist-api-utility.git",
                "reference": "400fa449febd6a85aff3ed3075241b981d13f7df"
            },
            "dist": {
                "type": "zip",
                "url": "https://api.github.com/repos/andrewevansmith/php-craigslist-api-utility/zipball/400fa449febd6a85aff3ed3075241b981d13f7df",
                "reference": "400fa449febd6a85aff3ed3075241b981d13f7df",
                "shasum": ""
            },
            "require": {
                "php": ">=5.4.0",
                "sunra/php-simple-html-dom-parser": "v1.5.0"
            },
            "type": "library",
            "autoload": {
                "psr-4": {
                    "Craigslist\\": "src/"
                }
            },
            "notification-url": "https://packagist.org/downloads/",
            "license": [
                "MIT"
            ],
            "authors": [
                {
                    "name": "Andrew Evan Smith",
                    "email": "andrew.evan.smith@gmail.com"
                }
            ],
            "description": "PHP Craigslist API Utility",
            "homepage": "https://github.com/andrewevansmith/php-craigslist-api-utility",
            "keywords": [
                "craigslist",
                "craigslist api",
                "craigslist scraping",
                "php",
                "utility"
            ],
            "time": "2015-10-25 18:33:04"
        },
        {
            "name": "joshcam/mysqli-database-class",
            "version": "dev-master",
            "source": {
                "type": "git",
                "url": "https://github.com/joshcam/PHP-MySQLi-Database-Class.git",
                "reference": "b65451065a0090535ca0a9621de372f0b6dfa392"
            },
            "dist": {
                "type": "zip",
                "url": "https://api.github.com/repos/joshcam/PHP-MySQLi-Database-Class/zipball/b65451065a0090535ca0a9621de372f0b6dfa392",
                "reference": "b65451065a0090535ca0a9621de372f0b6dfa392",
                "shasum": ""
            },
            "require": {
                "php": ">=5.3.0"
            },
            "type": "library",
            "autoload": {
                "files": [
                    "MysqliDb.php",
                    "dbObject.php"
                ]
            },
            "notification-url": "https://packagist.org/downloads/",
            "license": [
                "GPL-3.0"
            ],
            "authors": [
                {
                    "name": "Josh Campbell",
                    "email": "josh.lee.campbell@gmail.com",
                    "homepage": "https://github.com/joshcam",
                    "role": "Developer"
                },
                {
                    "name": "Alexander V. Butenko",
                    "email": "a.butenka@gmail.com",
                    "homepage": "http://smarttechdo.com",
                    "role": "Developer"
                }
            ],
            "description": "PHP MySQL Wrapper and object mapper which utilizes MySQLi and prepared statements",
            "time": "2017-03-01 19:25:57"
        },
        {
            "name": "sunra/php-simple-html-dom-parser",
            "version": "v1.5.0",
            "source": {
                "type": "git",
                "url": "https://github.com/sunra/php-simple-html-dom-parser.git",
                "reference": "a0b80ace086c7e09085669205e1b3c2c9c7a453c"
            },
            "dist": {
                "type": "zip",
                "url": "https://api.github.com/repos/sunra/php-simple-html-dom-parser/zipball/a0b80ace086c7e09085669205e1b3c2c9c7a453c",
                "reference": "a0b80ace086c7e09085669205e1b3c2c9c7a453c",
                "shasum": ""
            },
            "require": {
                "php": ">=5.3.2"
            },
            "type": "library",
            "autoload": {
                "psr-0": {
                    "Sunra\\PhpSimple\\HtmlDomParser": "Src/"
                }
            },
            "notification-url": "https://packagist.org/downloads/",
            "license": [
                "MIT"
            ],
            "authors": [
                {
                    "name": "Sunra",
                    "email": "sunra@yandex.ru",
                    "homepage": "https://github.com/sunra"
                }
            ],
            "description": "Composer adaptation of: A HTML DOM parser written in PHP5+ let you manipulate HTML in a very easy way! Require PHP 5+. Supports invalid HTML. Find tags on an HTML page with selectors just like jQuery. Extract contents from HTML in a single line.",
            "homepage": "https://github.com/sunra/php-simple-html-dom-parser",
            "keywords": [
                "dom",
                "html",
                "parser"
            ],
            "time": "2013-05-04T14:32:03+00:00"
        }
    ],
    "packages-dev": [],
    "aliases": [],
    "minimum-stability": "stable",
    "stability-flags": {
        "andrewevansmith/php-craigslist-api-utility": 20,
        "joshcam/mysqli-database-class": 20
    },
    "prefer-stable": false,
    "prefer-lowest": false,
    "platform": [],
    "platform-dev": []
}
